
Microsoft Visual Studio Solution File, Format Version 12.00
Project("{FAE04EC0-301F-11D3-BF4B-00C04F79EFBC}") = "AVStack.MessageCenter", "AVStack.MessageCenter\AVStack.MessageCenter.csproj", "{60DF8528-387F-4672-A7B5-7697B420E6B3}"
EndProject
Global
	GlobalSection(SolutionConfigurationPlatforms) = preSolution
		Debug|Any CPU = Debug|Any CPU
		Release|Any CPU = Release|Any CPU
	EndGlobalSection
	GlobalSection(NestedProjects) = preSolution
	EndGlobalSection
	GlobalSection(ProjectConfigurationPlatforms) = postSolution
		{60DF8528-387F-4672-A7B5-7697B420E6B3}.Debug|Any CPU.ActiveCfg = Debug|Any CPU
		{60DF8528-387F-4672-A7B5-7697B420E6B3}.Debug|Any CPU.Build.0 = Debug|Any CPU
		{60DF8528-387F-4672-A7B5-7697B420E6B3}.Release|Any CPU.ActiveCfg = Release|Any CPU
		{60DF8528-387F-4672-A7B5-7697B420E6B3}.Release|Any CPU.Build.0 = Release|Any CPU
	EndGlobalSection
EndGlobal
